
Microsoft Visual Studio Solution File, Format Version 12.00
# Visual Studio Version 17
VisualStudioVersion = 17.7.34024.191
MinimumVisualStudioVersion = 10.0.40219.1
Project("{9A19103F-16F7-4668-BE54-9A1E7A4F7556}") = "Console", "Console\Console.csproj", "{65B3C64A-A34E-4F0C-ACE5-FE5B2EB79E6A}"
EndProject
Project("{FAE04EC0-301F-11D3-BF4B-00C04F79EFBC}") = "Business", "Business\Business.csproj", "{7A7C5873-2C85-439B-B154-D3A3B0B7404E}"
EndProject
Project("{FAE04EC0-301F-11D3-BF4B-00C04F79EFBC}") = "Shared", "Shared\Shared.csproj", "{7E27F3CC-4F43-4E94-92ED-0D1C33C3A80D}"
EndProject
Global
	GlobalSection(SolutionConfigurationPlatforms) = preSolution
		Debug|Any CPU = Debug|Any CPU
		Release|Any CPU = Release|Any CPU
	EndGlobalSection
	GlobalSection(ProjectConfigurationPlatforms) = postSolution
		{65B3C64A-A34E-4F0C-ACE5-FE5B2EB79E6A}.Debug|Any CPU.ActiveCfg = Debug|Any CPU
		{65B3C64A-A34E-4F0C-ACE5-FE5B2EB79E6A}.Debug|Any CPU.Build.0 = Debug|Any CPU
		{65B3C64A-A34E-4F0C-ACE5-FE5B2EB79E6A}.Release|Any CPU.ActiveCfg = Release|Any CPU
		{65B3C64A-A34E-4F0C-ACE5-FE5B2EB79E6A}.Release|Any CPU.Build.0 = Release|Any CPU
		{7A7C5873-2C85-439B-B154-D3A3B0B7404E}.Debug|Any CPU.ActiveCfg = Debug|Any CPU
		{7A7C5873-2C85-439B-B154-D3A3B0B7404E}.Debug|Any CPU.Build.0 = Debug|Any CPU
		{7A7C5873-2C85-439B-B154-D3A3B0B7404E}.Release|Any CPU.ActiveCfg = Release|Any CPU
		{7A7C5873-2C85-439B-B154-D3A3B0B7404E}.Release|Any CPU.Build.0 = Release|Any CPU
		{7E27F3CC-4F43-4E94-92ED-0D1C33C3A80D}.Debug|Any CPU.ActiveCfg = Debug|Any CPU
		{7E27F3CC-4F43-4E94-92ED-0D1C33C3A80D}.Debug|Any CPU.Build.0 = Debug|Any CPU
		{7E27F3CC-4F43-4E94-92ED-0D1C33C3A80D}.Release|Any CPU.ActiveCfg = Release|Any CPU
		{7E27F3CC-4F43-4E94-92ED-0D1C33C3A80D}.Release|Any CPU.Build.0 = Release|Any CPU
	EndGlobalSection
	GlobalSection(SolutionProperties) = preSolution
		HideSolutionNode = FALSE
	EndGlobalSection
	GlobalSection(ExtensibilityGlobals) = postSolution
		SolutionGuid = {14143BAA-5323-489E-ADE3-55595309E52A}
	EndGlobalSection
EndGlobal
